{
  "name": "ce_smoketest",
  "version": "1.0.0",
  "lockfileVersion": 1,
  "requires": true,
  "dependencies": {
    "@types/node": {
      "version": "14.0.25",
      "resolved": "https://registry.npmjs.org/@types/node/-/node-14.0.25.tgz",
      "integrity": "sha512-okMqUHqrMlGOxfDZliX1yFX5MV6qcd5PpRz96XYtjkM0Ws/hwg23FMUqt6pETrVRZS+EKUB5HY19mmo54EuQbA=="
    },
    "compilerexplorer-api": {
      "version": "git+https://github.com/partouf/node-compilerexplorer-api.git#e9b51381c05715d21827cd419fc8106fecc73b89",
      "from": "git+https://github.com/partouf/node-compilerexplorer-api.git",
      "requires": {
        "@types/node": "^14.0.25"
      }
    }
  }
}
