{
  "name": "@partouf/ce_smoketest",
  "version": "1.0.0",
  "lockfileVersion": 1,
  "requires": true,
  "dependencies": {
    "@partouf/compilerexplorer-api": {
      "version": "0.0.3",
      "resolved": "https://npm.pkg.github.com/download/@partouf/compilerexplorer-api/0.0.3/d670fa08e47c54d8e5e689d3b37ed72bbb3d80fefda8989b2b514227c81abf3b",
      "integrity": "sha512-FV2u6MirnjhH2m3KAWOHADqmpNazwgL7O/kKAYaCEAk6GVXLr5xJJIYyPudnMNi2MbAd4QWeBPpeNPR+XkFT6Q==",
      "requires": {
        "@types/node": "^14.0.25"
      }
    },
    "@types/node": {
      "version": "14.0.27",
      "resolved": "https://registry.npmjs.org/@types/node/-/node-14.0.27.tgz",
      "integrity": "sha512-kVrqXhbclHNHGu9ztnAwSncIgJv/FaxmzXJvGXNdcCpV1b8u1/Mi6z6m0vwy0LzKeXFTPLH0NzwmoJ3fNCIq0g=="
    }
  }
}
